schema: '2.0'
stages:
  data_ingestion:
    cmd: python src/data_ingestion.py
    deps:
    - path: src/data_ingestion.py
      hash: md5
      md5: c40844ee6d1427064f6e302cfc784a7d
      size: 3684
    outs:
    - path: data/raw
      hash: md5
      md5: 9097e041a34df9054caed15688df1464.dir
      size: 484846
      nfiles: 2
  data_preprocessing:
    cmd: python src/data_preprocessing.py
    deps:
    - path: data/raw
      hash: md5
      md5: 9097e041a34df9054caed15688df1464.dir
      size: 484846
      nfiles: 2
    - path: src/data_preprocessing.py
      hash: md5
      md5: 763f32fca5c8888cbb07e8b0a4003b67
      size: 4020
    outs:
    - path: data/interim
      hash: md5
      md5: 372e18bfa771372d41b683bc64b32377.dir
      size: 257605
      nfiles: 2
  feature_engineering:
    cmd: python src/feature_engineering.py
    deps:
    - path: data/interim
      hash: md5
      md5: 372e18bfa771372d41b683bc64b32377.dir
      size: 257605
      nfiles: 2
    - path: src/feature_engineering.py
      hash: md5
      md5: 9000c4cbafcaca3464664391d46659d2
      size: 3909
    outs:
    - path: data/processed
      hash: md5
      md5: 5bad2b8ee87c9b37022ee05172376589.dir
      size: 944591
      nfiles: 2
  model_building:
    cmd: python src/model_building.py
    deps:
    - path: data/processed
      hash: md5
      md5: 5bad2b8ee87c9b37022ee05172376589.dir
      size: 944591
      nfiles: 2
    - path: src/model_building.py
      hash: md5
      md5: 3eb1dfe7c48341ead2e8725127819ef6
      size: 4554
    outs:
    - path: models/model.pkl
      hash: md5
      md5: f8d23f391727a57bb1cc1e50adfc5b55
      size: 719061
  model_evaluation:
    cmd: python src/model_evaluation.py
    deps:
    - path: models/model.pkl
      hash: md5
      md5: f8d23f391727a57bb1cc1e50adfc5b55
      size: 719061
    - path: src/model_evaluation.py
      hash: md5
      md5: 0c90f6905f1f4ce1e1a7ee42909f8a1b
      size: 4675
    outs:
    - path: reports/metrics.json
      hash: md5
      md5: 1962c180290a77e33dd7ad8f557a14f2
      size: 143
